
Microsoft Visual Studio Solution File, Format Version 12.00
# Visual Studio Version 16
VisualStudioVersion = 16.0.31005.135
MinimumVisualStudioVersion = 10.0.40219.1
Project("{9A19103F-16F7-4668-BE54-9A1E7A4F7556}") = "SkiaInk", "SkiaInk\SkiaInk.csproj", "{DE994F15-F2DC-45C1-80D4-7099FE5F2978}"
EndProject
Project("{2150E333-8FDC-42A3-9474-1A3956D46DE8}") = "NewFolder1", "NewFolder1", "{0A9592CD-9C2B-4B0B-B779-075BB4C690D1}"
EndProject
Global
	GlobalSection(SolutionConfigurationPlatforms) = preSolution
		Debug|Any CPU = Debug|Any CPU
		Debug|x64 = Debug|x64
		Debug|x86 = Debug|x86
		Release|Any CPU = Release|Any CPU
		Release|x64 = Release|x64
		Release|x86 = Release|x86
	EndGlobalSection
	GlobalSection(ProjectConfigurationPlatforms) = postSolution
		{DE994F15-F2DC-45C1-80D4-7099FE5F2978}.Debug|Any CPU.ActiveCfg = Debug|Any CPU
		{DE994F15-F2DC-45C1-80D4-7099FE5F2978}.Debug|Any CPU.Build.0 = Debug|Any CPU
		{DE994F15-F2DC-45C1-80D4-7099FE5F2978}.Debug|x64.ActiveCfg = Debug|Any CPU
		{DE994F15-F2DC-45C1-80D4-7099FE5F2978}.Debug|x64.Build.0 = Debug|Any CPU
		{DE994F15-F2DC-45C1-80D4-7099FE5F2978}.Debug|x86.ActiveCfg = Debug|Any CPU
		{DE994F15-F2DC-45C1-80D4-7099FE5F2978}.Debug|x86.Build.0 = Debug|Any CPU
		{DE994F15-F2DC-45C1-80D4-7099FE5F2978}.Release|Any CPU.ActiveCfg = Release|Any CPU
		{DE994F15-F2DC-45C1-80D4-7099FE5F2978}.Release|Any CPU.Build.0 = Release|Any CPU
		{DE994F15-F2DC-45C1-80D4-7099FE5F2978}.Release|x64.ActiveCfg = Release|Any CPU
		{DE994F15-F2DC-45C1-80D4-7099FE5F2978}.Release|x64.Build.0 = Release|Any CPU
		{DE994F15-F2DC-45C1-80D4-7099FE5F2978}.Release|x86.ActiveCfg = Release|Any CPU
		{DE994F15-F2DC-45C1-80D4-7099FE5F2978}.Release|x86.Build.0 = Release|Any CPU
	EndGlobalSection
	GlobalSection(SolutionProperties) = preSolution
		HideSolutionNode = FALSE
	EndGlobalSection
	GlobalSection(ExtensibilityGlobals) = postSolution
		SolutionGuid = {A8EA7327-8031-436E-AC2D-0FA4518C5307}
	EndGlobalSection
EndGlobal
